{
  "requires": true,
  "lockfileVersion": 1,
  "dependencies": {
    "angular": {
      "version": "1.7.8",
      "resolved": "https://registry.npmjs.org/angular/-/angular-1.7.8.tgz",
      "integrity": "sha512-wtef/y4COxM7ZVhddd7JtAAhyYObq9YXKar9tsW7558BImeVYteJiTxCKeJOL45lJ/+7B4wrAC49j8gTFYEthg=="
    },
    "angular-hammer": {
      "version": "2.2.0",
      "resolved": "https://registry.npmjs.org/angular-hammer/-/angular-hammer-2.2.0.tgz",
      "integrity": "sha1-Ev+7P8L5cZx4C6MyyQWsj8pFkuA=",
      "requires": {
        "angular": ">=1.2.0",
        "hammerjs": ">=2.0.0"
      }
    },
    "hammerjs": {
      "version": "2.0.8",
      "resolved": "https://registry.npmjs.org/hammerjs/-/hammerjs-2.0.8.tgz",
      "integrity": "sha1-BO93hiz/K7edMPdpIJWTAiK/YPE="
    }
  }
}
